
Microsoft Visual Studio Solution File, Format Version 12.00
# Visual Studio Version 17
VisualStudioVersion = 17.2.32616.157
MinimumVisualStudioVersion = 10.0.40219.1
Project("{FAE04EC0-301F-11D3-BF4B-00C04F79EFBC}") = "Template_CRUD", "Template_CRUD\Template_CRUD.csproj", "{5D0E68C9-BF27-408F-9E59-4E48199A0A28}"
EndProject
Global
	GlobalSection(SolutionConfigurationPlatforms) = preSolution
		Debug|Any CPU = Debug|Any CPU
		Release|Any CPU = Release|Any CPU
	EndGlobalSection
	GlobalSection(ProjectConfigurationPlatforms) = postSolution
		{5D0E68C9-BF27-408F-9E59-4E48199A0A28}.Debug|Any CPU.ActiveCfg = Debug|Any CPU
		{5D0E68C9-BF27-408F-9E59-4E48199A0A28}.Debug|Any CPU.Build.0 = Debug|Any CPU
		{5D0E68C9-BF27-408F-9E59-4E48199A0A28}.Release|Any CPU.ActiveCfg = Release|Any CPU
		{5D0E68C9-BF27-408F-9E59-4E48199A0A28}.Release|Any CPU.Build.0 = Release|Any CPU
	EndGlobalSection
	GlobalSection(SolutionProperties) = preSolution
		HideSolutionNode = FALSE
	EndGlobalSection
	GlobalSection(ExtensibilityGlobals) = postSolution
		SolutionGuid = {94BE93C1-1167-47D2-9F72-D34956921D23}
	EndGlobalSection
EndGlobal
